
Microsoft Visual Studio Solution File, Format Version 12.00
# Visual Studio Version 16
VisualStudioVersion = 16.0.30011.22
MinimumVisualStudioVersion = 10.0.40219.1
Project("{FAE04EC0-301F-11D3-BF4B-00C04F79EFBC}") = "Complex_Demo", "Complex_Demo\Complex_Demo.csproj", "{69372B35-8A36-4BA6-B512-4F35293F0C94}"
EndProject
Global
	GlobalSection(SolutionConfigurationPlatforms) = preSolution
		Debug|Any CPU = Debug|Any CPU
		Release|Any CPU = Release|Any CPU
	EndGlobalSection
	GlobalSection(ProjectConfigurationPlatforms) = postSolution
		{69372B35-8A36-4BA6-B512-4F35293F0C94}.Debug|Any CPU.ActiveCfg = Debug|Any CPU
		{69372B35-8A36-4BA6-B512-4F35293F0C94}.Debug|Any CPU.Build.0 = Debug|Any CPU
		{69372B35-8A36-4BA6-B512-4F35293F0C94}.Release|Any CPU.ActiveCfg = Release|Any CPU
		{69372B35-8A36-4BA6-B512-4F35293F0C94}.Release|Any CPU.Build.0 = Release|Any CPU
	EndGlobalSection
	GlobalSection(SolutionProperties) = preSolution
		HideSolutionNode = FALSE
	EndGlobalSection
	GlobalSection(ExtensibilityGlobals) = postSolution
		SolutionGuid = {8D016124-16E1-43D8-88CE-C25CF8916D50}
	EndGlobalSection
EndGlobal
